{
    "apache/log4php": {
        "version": "2.3.0"
    },
    "asm89/twig-cache-extension": {
        "version": "1.3.2"
    },
    "aws/aws-sdk-php": {
        "version": "3.127.0"
    },
    "behat/behat": {
        "version": "v3.5.0"
    },
    "behat/gherkin": {
        "version": "v4.6.0"
    },
    "behat/mink": {
        "version": "1.7.x-dev"
    },
    "behat/mink-browserkit-driver": {
        "version": "1.3.3"
    },
    "behat/mink-extension": {
        "version": "2.3.1"
    },
    "behat/symfony2-extension": {
        "version": "2.1",
        "recipe": {
            "repo": "github.com/symfony/recipes",
            "branch": "master",
            "version": "2.1",
            "ref": "158be9d4b4c2127d9ec741c97e3cb1b6610b5294"
        },
        "files": [
            "behat.yml.dist",
            "config/bootstrap.php",
            "features/bootstrap/FeatureContext.php",
            "features/bootstrap/bootstrap.php",
            "features/demo.feature"
        ]
    },
    "behat/transliterator": {
        "version": "v1.2.0"
    },
    "behatch/contexts": {
        "version": "3.2.0"
    },
    "burgov/key-value-form-bundle": {
        "version": "1.5.0"
    },
    "cboden/ratchet": {
        "version": "v0.4.1"
    },
    "clue/stream-filter": {
        "version": "v1.4.1"
    },
    "composer/ca-bundle": {
        "version": "1.2.4"
    },
    "composer/xdebug-handler": {
        "version": "1.4.0"
    },
    "container-interop/container-interop": {
        "version": "1.2.0"
    },
    "doctrine/annotations": {
        "version": "1.0",
        "recipe": {
            "repo": "github.com/symfony/recipes",
            "branch": "master",
            "version": "1.0",
            "ref": "cb4152ebcadbe620ea2261da1a1c5a9b8cea7672"
        },
        "files": [
            "config/routes/annotations.yaml"
        ]
    },
    "doctrine/cache": {
        "version": "1.10.0"
    },
    "doctrine/collections": {
        "version": "1.6.4"
    },
    "doctrine/common": {
        "version": "v2.10.0"
    },
    "doctrine/data-fixtures": {
        "version": "1.3.3"
    },
    "doctrine/dbal": {
        "version": "v2.7.2"
    },
    "doctrine/doctrine-bundle": {
        "version": "1.12",
        "recipe": {
            "repo": "github.com/symfony/recipes",
            "branch": "master",
            "version": "1.12",
            "ref": "72dd6c4b34e12ff1da8320cc7a8688666836f4da"
        },
        "files": [
            "config/packages/doctrine.yaml",
            "config/packages/prod/doctrine.yaml",
            "src/Entity/.gitignore",
            "src/Repository/.gitignore"
        ]
    },
    "doctrine/doctrine-cache-bundle": {
        "version": "1.3.5"
    },
    "doctrine/doctrine-fixtures-bundle": {
        "version": "3.0",
        "recipe": {
            "repo": "github.com/symfony/recipes",
            "branch": "master",
            "version": "3.0",
            "ref": "fc52d86631a6dfd9fdf3381d0b7e3df2069e51b3"
        },
        "files": [
            "src/DataFixtures/AppFixtures.php"
        ]
    },
    "doctrine/doctrine-migrations-bundle": {
        "version": "1.2",
        "recipe": {
            "repo": "github.com/symfony/recipes",
            "branch": "master",
            "version": "1.2",
            "ref": "c1431086fec31f17fbcfe6d6d7e92059458facc1"
        },
        "files": [
            "config/packages/doctrine_migrations.yaml",
            "src/Migrations/.gitignore"
        ]
    },
    "doctrine/event-manager": {
        "version": "1.1.0"
    },
    "doctrine/inflector": {
        "version": "1.3.1"
    },
    "doctrine/instantiator": {
        "version": "1.3.0"
    },
    "doctrine/lexer": {
        "version": "1.2.0"
    },
    "doctrine/migrations": {
        "version": "v1.8.1"
    },
    "doctrine/orm": {
        "version": "v2.6.4"
    },
    "doctrine/persistence": {
        "version": "1.2.0"
    },
    "doctrine/phpcr-bundle": {
        "version": "2.0",
        "recipe": {
            "repo": "github.com/symfony/recipes-contrib",
            "branch": "master",
            "version": "2.0",
            "ref": "302e7ce8f547b1143b98112d0ebc8579f767d90d"
        },
        "files": [
            "config/packages/doctrine_phpcr.yaml"
        ]
    },
    "doctrine/phpcr-odm": {
        "version": "1.4.5"
    },
    "doctrine/reflection": {
        "version": "v1.0.0"
    },
    "egulias/email-validator": {
        "version": "2.1.11"
    },
    "elasticsearch/elasticsearch": {
        "version": "v6.7.2"
    },
    "emanueleminotto/twig-cache-bundle": {
        "version": "1.0-dev"
    },
    "evenement/evenement": {
        "version": "v3.0.1"
    },
    "exsyst/swagger": {
        "version": "v0.4.1"
    },
    "facebook/facebook-instant-articles-sdk-php": {
        "version": "v1.10.1"
    },
    "facebook/graph-sdk": {
        "version": "5.7.0"
    },
    "friends-of-behat/service-container-extension": {
        "version": "v1.0.1"
    },
    "friends-of-behat/symfony-extension": {
        "version": "2.0",
        "recipe": {
            "repo": "github.com/symfony/recipes-contrib",
            "branch": "master",
            "version": "2.0",
            "ref": "3d21344765fd3440a85bdd27d4cada186ec628bd"
        },
        "files": [
            "behat.yml.dist",
            "config/services_test.yaml",
            "features/demo.feature",
            "tests/Behat/DemoContext.php"
        ]
    },
    "friendsofsymfony/elastica-bundle": {
        "version": "5.0",
        "recipe": {
            "repo": "github.com/symfony/recipes-contrib",
            "branch": "master",
            "version": "5.0",
            "ref": "a5638a07d11c8eef6f0280a20d6d1ddd91ad62ec"
        },
        "files": [
            "config/packages/fos_elastica.yaml"
        ]
    },
    "friendsofsymfony/http-cache": {
        "version": "2.8.0"
    },
    "friendsofsymfony/http-cache-bundle": {
        "version": "2.8.0"
    },
    "friendsofsymfony/jsrouting-bundle": {
        "version": "2.3",
        "recipe": {
            "repo": "github.com/symfony/recipes-contrib",
            "branch": "master",
            "version": "2.3",
            "ref": "a9f2e49180f75cdc71ae279a929c4b2e0638de84"
        },
        "files": [
            "config/routes/fos_js_routing.yaml"
        ]
    },
    "friendsofsymfony/rest-bundle": {
        "version": "2.2",
        "recipe": {
            "repo": "github.com/symfony/recipes-contrib",
            "branch": "master",
            "version": "2.2",
            "ref": "cad41ef93d6150067ae2bb3c7fd729492dff6f0a"
        },
        "files": [
            "config/packages/fos_rest.yaml"
        ]
    },
    "friendsofsymfony/user-bundle": {
        "version": "2.2.x-dev"
    },
    "fzaninotto/faker": {
        "version": "v1.9.0"
    },
    "gedmo/doctrine-extensions": {
        "version": "v2.4.38"
    },
    "geoip2/geoip2": {
        "version": "v2.9.0"
    },
    "gesdinet/jwt-refresh-token-bundle": {
        "version": "v0.5.4"
    },
    "gos/pubsub-router-bundle": {
        "version": "v0.3.5"
    },
    "gos/react-amqp": {
        "version": "v0.3.0"
    },
    "gos/web-socket-bundle": {
        "version": "v1.10.2"
    },
    "gos/websocket-client": {
        "version": "v0.1.2"
    },
    "graylog2/gelf-php": {
        "version": "1.6.3"
    },
    "guzzlehttp/guzzle": {
        "version": "6.4.1"
    },
    "guzzlehttp/promises": {
        "version": "v1.3.1"
    },
    "guzzlehttp/psr7": {
        "version": "1.6.1"
    },
    "guzzlehttp/ringphp": {
        "version": "1.1.1"
    },
    "guzzlehttp/streams": {
        "version": "3.0.0"
    },
    "hoa/compiler": {
        "version": "3.17.08.08"
    },
    "hoa/consistency": {
        "version": "1.17.05.02"
    },
    "hoa/event": {
        "version": "1.17.01.13"
    },
    "hoa/exception": {
        "version": "1.17.01.16"
    },
    "hoa/file": {
        "version": "1.17.07.11"
    },
    "hoa/iterator": {
        "version": "2.17.01.10"
    },
    "hoa/math": {
        "version": "1.17.05.16"
    },
    "hoa/mime": {
        "version": "3.17.01.10"
    },
    "hoa/protocol": {
        "version": "1.17.01.14"
    },
    "hoa/regex": {
        "version": "1.17.01.13"
    },
    "hoa/stream": {
        "version": "1.17.02.21"
    },
    "hoa/ustring": {
        "version": "4.17.01.16"
    },
    "hoa/visitor": {
        "version": "2.17.01.16"
    },
    "hoa/zformat": {
        "version": "1.17.01.10"
    },
    "http-interop/http-factory-guzzle": {
        "version": "1.0.0"
    },
    "jackalope/jackalope": {
        "version": "1.3.7"
    },
    "jackalope/jackalope-doctrine-dbal": {
        "version": "1.3.5"
    },
    "jdorn/sql-formatter": {
        "version": "v1.2.17"
    },
    "jean85/pretty-package-versions": {
        "version": "1.2"
    },
    "jms/metadata": {
        "version": "2.1.0"
    },
    "jms/serializer": {
        "version": "3.3.0"
    },
    "jms/serializer-bundle": {
        "version": "3.0",
        "recipe": {
            "repo": "github.com/symfony/recipes-contrib",
            "branch": "master",
            "version": "3.0",
            "ref": "384cec52df45f3bfd46a09930d6960a58872b268"
        },
        "files": [
            "config/packages/dev/jms_serializer.yaml",
            "config/packages/jms_serializer.yaml",
            "config/packages/prod/jms_serializer.yaml"
        ]
    },
    "jms/translation-bundle": {
        "version": "1.4.4"
    },
    "justinrainbow/json-schema": {
        "version": "5.2.9"
    },
    "knplabs/knp-components": {
        "version": "v1.3.10"
    },
    "knplabs/knp-menu": {
        "version": "2.6.0"
    },
    "knplabs/knp-menu-bundle": {
        "version": "v2.3.0"
    },
    "knplabs/knp-paginator-bundle": {
        "version": "v2.8.0"
    },
    "knplabs/knp-time-bundle": {
        "version": "v1.9.1"
    },
    "knpuniversity/oauth2-client-bundle": {
        "version": "1.20",
        "recipe": {
            "repo": "github.com/symfony/recipes-contrib",
            "branch": "master",
            "version": "1.20",
            "ref": "80acc9223a205cbf5d9828fd616c82a374d281dd"
        },
        "files": [
            "config/packages/knpu_oauth2_client.yaml"
        ]
    },
    "layershifter/tld-database": {
        "version": "1.0.69"
    },
    "layershifter/tld-extract": {
        "version": "2.0.1"
    },
    "layershifter/tld-support": {
        "version": "1.1.1"
    },
    "lcobucci/jwt": {
        "version": "3.3.1"
    },
    "league/flysystem": {
        "version": "1.0.57"
    },
    "league/flysystem-aws-s3-v3": {
        "version": "1.0.23"
    },
    "league/oauth2-client": {
        "version": "2.4.1"
    },
    "lexik/jwt-authentication-bundle": {
        "version": "2.5",
        "recipe": {
            "repo": "github.com/symfony/recipes",
            "branch": "master",
            "version": "2.5",
            "ref": "5b2157bcd5778166a5696e42f552ad36529a07a6"
        },
        "files": [
            "config/packages/lexik_jwt_authentication.yaml"
        ]
    },
    "liip/functional-test-bundle": {
        "version": "2.0.0-alpha15"
    },
    "liip/rmt": {
        "version": "1.5.2"
    },
    "litipk/flysystem-fallback-adapter": {
        "version": "0.1.3"
    },
    "marc1706/fast-image-size": {
        "version": "v1.1.5"
    },
    "masterminds/html5": {
        "version": "2.7.0"
    },
    "matthiasnoback/symfony-config-test": {
        "version": "4.1.0"
    },
    "matthiasnoback/symfony-dependency-injection-test": {
        "version": "v3.1.0"
    },
    "maxmind-db/reader": {
        "version": "v1.5.0"
    },
    "maxmind/web-service-common": {
        "version": "v0.5.0"
    },
    "monolog/monolog": {
        "version": "2.0.1"
    },
    "mtdowling/jmespath.php": {
        "version": "2.4.0"
    },
    "myclabs/deep-copy": {
        "version": "1.9.3"
    },
    "namshi/jose": {
        "version": "7.2.3"
    },
    "nelmio/alice": {
        "version": "3.2",
        "recipe": {
            "repo": "github.com/symfony/recipes",
            "branch": "master",
            "version": "3.2",
            "ref": "0b9900ece737bec7752e4155c0164639dd9b0cb0"
        },
        "files": [
            "config/packages/dev/nelmio_alice.yaml",
            "config/packages/test/nelmio_alice.yaml"
        ]
    },
    "nelmio/api-doc-bundle": {
        "version": "3.0",
        "recipe": {
            "repo": "github.com/symfony/recipes-contrib",
            "branch": "master",
            "version": "3.0",
            "ref": "c8e0c38e1a280ab9e37587a8fa32b251d5bc1c94"
        },
        "files": [
            "config/packages/nelmio_api_doc.yaml",
            "config/routes/nelmio_api_doc.yaml"
        ]
    },
    "nelmio/cors-bundle": {
        "version": "1.5",
        "recipe": {
            "repo": "github.com/symfony/recipes",
            "branch": "master",
            "version": "1.5",
            "ref": "6388de23860284db9acce0a7a5d9d13153bcb571"
        },
        "files": [
            "config/packages/nelmio_cors.yaml"
        ]
    },
    "nette/bootstrap": {
        "version": "v3.0.1"
    },
    "nette/di": {
        "version": "v3.0.1"
    },
    "nette/finder": {
        "version": "v2.5.1"
    },
    "nette/neon": {
        "version": "v3.0.0"
    },
    "nette/php-generator": {
        "version": "v3.3.1"
    },
    "nette/robot-loader": {
        "version": "v3.2.0"
    },
    "nette/schema": {
        "version": "v1.0.1"
    },
    "nette/utils": {
        "version": "v3.0.2"
    },
    "nikic/php-parser": {
        "version": "v4.3.0"
    },
    "ocramius/code-generator-utils": {
        "version": "1.0.0"
    },
    "ocramius/generated-hydrator": {
        "version": "3.0.0"
    },
    "ocramius/proxy-manager": {
        "version": "2.1.1"
    },
    "oneup/flysystem-bundle": {
        "version": "3.0",
        "recipe": {
            "repo": "github.com/symfony/recipes-contrib",
            "branch": "master",
            "version": "3.0",
            "ref": "0eb87bba411c227da027fe5f7c1dc7954b02f242"
        },
        "files": [
            "config/packages/oneup_flysystem.yaml"
        ]
    },
    "pagerfanta/pagerfanta": {
        "version": "v1.1.0"
    },
    "paragonie/constant_time_encoding": {
        "version": "v2.3.0"
    },
    "paragonie/random_compat": {
        "version": "v9.99.99"
    },
    "phar-io/manifest": {
        "version": "1.0.3"
    },
    "phar-io/version": {
        "version": "2.0.1"
    },
    "php": {
        "version": "7.3"
    },
    "php-amqplib/php-amqplib": {
        "version": "v2.11.0"
    },
    "php-amqplib/rabbitmq-bundle": {
        "version": "1.12",
        "recipe": {
            "repo": "github.com/symfony/recipes-contrib",
            "branch": "master",
            "version": "1.12",
            "ref": "ce3ca2e4577270c4f518539aa6b9e878998fcfef"
        },
        "files": [
            "config/packages/old_sound_rabbit_mq.yaml",
            "src/Consumer/.gitignore"
        ]
    },
    "php-http/client-common": {
        "version": "1.10.0"
    },
    "php-http/curl-client": {
        "version": "v1.7.1"
    },
    "php-http/discovery": {
        "version": "1.7.0"
    },
    "php-http/guzzle6-adapter": {
        "version": "v1.1.1"
    },
    "php-http/httplug": {
        "version": "v1.1.0"
    },
    "php-http/message": {
        "version": "1.8.0"
    },
    "php-http/message-factory": {
        "version": "v1.0.2"
    },
    "php-http/promise": {
        "version": "v1.0.0"
    },
    "phpcr/phpcr": {
        "version": "2.1.4"
    },
    "phpcr/phpcr-utils": {
        "version": "1.4.0"
    },
    "phpdocumentor/reflection-common": {
        "version": "2.0.0"
    },
    "phpdocumentor/reflection-docblock": {
        "version": "4.3.2"
    },
    "phpdocumentor/type-resolver": {
        "version": "1.0.1"
    },
    "phpseclib/phpseclib": {
        "version": "2.0.23"
    },
    "phpspec/php-diff": {
        "version": "v1.1.0"
    },
    "phpspec/phpspec": {
        "version": "5.1.2"
    },
    "phpspec/prophecy": {
        "version": "1.9.0"
    },
    "phpstan/phpdoc-parser": {
        "version": "0.3.5"
    },
    "phpstan/phpstan": {
        "version": "0.11.19"
    },
    "phpunit/php-code-coverage": {
        "version": "6.1.4"
    },
    "phpunit/php-file-iterator": {
        "version": "2.0.2"
    },
    "phpunit/php-text-template": {
        "version": "1.2.1"
    },
    "phpunit/php-timer": {
        "version": "2.1.2"
    },
    "phpunit/php-token-stream": {
        "version": "3.1.1"
    },
    "phpunit/phpunit": {
        "version": "4.7",
        "recipe": {
            "repo": "github.com/symfony/recipes",
            "branch": "master",
            "version": "4.7",
            "ref": "f1546d78502f904f37f7b47a42b1444cbf1d3423"
        },
        "files": [
            ".env.test",
            "phpunit.xml.dist",
            "config/bootstrap.php",
            "tests/.gitignore"
        ]
    },
    "pixers/doctrine-profiler-bundle": {
        "version": "v1.0.6"
    },
    "psr/cache": {
        "version": "1.0.1"
    },
    "psr/container": {
        "version": "1.0.0"
    },
    "psr/http-factory": {
        "version": "1.0.1"
    },
    "psr/http-message": {
        "version": "1.0.1"
    },
    "psr/link": {
        "version": "1.0.0"
    },
    "psr/log": {
        "version": "1.1.2"
    },
    "querypath/querypath": {
        "version": "3.0.5"
    },
    "ralouphie/getallheaders": {
        "version": "3.0.3"
    },
    "ramsey/uuid": {
        "version": "3.9.1"
    },
    "ratchet/rfc6455": {
        "version": "v0.2.5"
    },
    "rdx/behat-variables": {
        "version": "1.2"
    },
    "react/cache": {
        "version": "v1.0.0"
    },
    "react/dns": {
        "version": "v1.2.0"
    },
    "react/event-loop": {
        "version": "v1.1.0"
    },
    "react/promise": {
        "version": "v2.7.1"
    },
    "react/promise-timer": {
        "version": "v1.5.1"
    },
    "react/socket": {
        "version": "v1.3.0"
    },
    "react/stream": {
        "version": "v1.1.0"
    },
    "roave/security-advisories": {
        "version": "dev-master"
    },
    "ruflin/elastica": {
        "version": "6.1.1"
    },
    "sabberworm/php-css-parser": {
        "version": "8.3.0"
    },
    "sebastian/code-unit-reverse-lookup": {
        "version": "1.0.1"
    },
    "sebastian/comparator": {
        "version": "3.0.2"
    },
    "sebastian/diff": {
        "version": "3.0.2"
    },
    "sebastian/environment": {
        "version": "4.2.3"
    },
    "sebastian/exporter": {
        "version": "3.1.2"
    },
    "sebastian/global-state": {
        "version": "2.0.0"
    },
    "sebastian/object-enumerator": {
        "version": "3.0.3"
    },
    "sebastian/object-reflector": {
        "version": "1.1.1"
    },
    "sebastian/recursion-context": {
        "version": "3.0.0"
    },
    "sebastian/resource-operations": {
        "version": "2.0.1"
    },
    "sebastian/version": {
        "version": "2.0.1"
    },
    "sensio/framework-extra-bundle": {
        "version": "5.2",
        "recipe": {
            "repo": "github.com/symfony/recipes",
            "branch": "master",
            "version": "5.2",
            "ref": "fb7e19da7f013d0d422fa9bce16f5c510e27609b"
        },
        "files": [
            "config/packages/sensio_framework_extra.yaml"
        ]
    },
    "sensiolabs/security-checker": {
        "version": "4.0",
        "recipe": {
            "repo": "github.com/symfony/recipes",
            "branch": "master",
            "version": "4.0",
            "ref": "160c9b600564faa1224e8f387d49ef13ceb8b793"
        },
        "files": [
            "config/packages/security_checker.yaml"
        ]
    },
    "sentry/sdk": {
        "version": "2.0.4"
    },
    "sentry/sentry": {
        "version": "2.2.5"
    },
    "sentry/sentry-symfony": {
        "version": "3.0",
        "recipe": {
            "repo": "github.com/symfony/recipes-contrib",
            "branch": "master",
            "version": "3.0",
            "ref": "9746f0823302d7980e5273ef7a69ef3f5ac80914"
        },
        "files": [
            "config/packages/sentry.yaml"
        ]
    },
    "stof/doctrine-extensions-bundle": {
        "version": "1.2",
        "recipe": {
            "repo": "github.com/symfony/recipes-contrib",
            "branch": "master",
            "version": "1.2",
            "ref": "6c1ceb662f8997085f739cd089bfbef67f245983"
        },
        "files": [
            "config/packages/stof_doctrine_extensions.yaml"
        ]
    },
    "superdesk/contentapi-sdk-php": {
        "version": "1.0.x-dev"
    },
    "swiftmailer/swiftmailer": {
        "version": "v6.2.3"
    },
    "sylius/theme-bundle": {
        "version": "v1.4.6"
    },
    "symfony-cmf/core-bundle": {
        "version": "2.1.1"
    },
    "symfony-cmf/routing": {
        "version": "2.1.0"
    },
    "symfony-cmf/routing-bundle": {
        "version": "2.1.1"
    },
    "symfony-cmf/testing": {
        "version": "2.1.12"
    },
    "symfony/asset": {
        "version": "v4.4.1"
    },
    "symfony/browser-kit": {
        "version": "v4.4.1"
    },
    "symfony/cache": {
        "version": "v4.4.1"
    },
    "symfony/cache-contracts": {
        "version": "v2.0.1"
    },
    "symfony/class-loader": {
        "version": "v3.4.36"
    },
    "symfony/config": {
        "version": "v4.4.1"
    },
    "symfony/console": {
        "version": "4.4",
        "recipe": {
            "repo": "github.com/symfony/recipes",
            "branch": "master",
            "version": "4.4",
            "ref": "59d8cc5a923274e552412fcd51e284bba02982de"
        },
        "files": [
            "bin/console",
            "config/bootstrap.php"
        ]
    },
    "symfony/contracts": {
        "version": "v1.1.0"
    },
    "symfony/css-selector": {
        "version": "v4.4.1"
    },
    "symfony/debug": {
        "version": "v4.4.1"
    },
    "symfony/debug-bundle": {
        "version": "4.1",
        "recipe": {
            "repo": "github.com/symfony/recipes",
            "branch": "master",
            "version": "4.1",
            "ref": "f8863cbad2f2e58c4b65fa1eac892ab189971bea"
        },
        "files": [
            "config/packages/dev/debug.yaml"
        ]
    },
    "symfony/dependency-injection": {
        "version": "v4.4.1"
    },
    "symfony/doctrine-bridge": {
        "version": "v4.4.1"
    },
    "symfony/dom-crawler": {
        "version": "v4.4.1"
    },
    "symfony/dotenv": {
        "version": "v4.4.1"
    },
    "symfony/error-handler": {
        "version": "v4.4.1"
    },
    "symfony/event-dispatcher": {
        "version": "v4.4.1"
    },
    "symfony/event-dispatcher-contracts": {
        "version": "v1.1.7"
    },
    "symfony/expression-language": {
        "version": "v4.4.1"
    },
    "symfony/filesystem": {
        "version": "v4.4.1"
    },
    "symfony/finder": {
        "version": "v4.4.1"
    },
    "symfony/flex": {
        "version": "1.0",
        "recipe": {
            "repo": "github.com/symfony/recipes",
            "branch": "master",
            "version": "1.0",
            "ref": "19fa03bacd9a6619583d1e4939da4388df22984d"
        },
        "files": [
            ".env"
        ]
    },
    "symfony/form": {
        "version": "v4.4.1"
    },
    "symfony/framework-bundle": {
        "version": "4.4",
        "recipe": {
            "repo": "github.com/symfony/recipes",
            "branch": "master",
            "version": "4.4",
            "ref": "9b91ef29da037baeec4c3715cf55bea2a165c902"
        },
        "files": [
            "config/bootstrap.php",
            "config/packages/cache.yaml",
            "config/packages/framework.yaml",
            "config/packages/test/framework.yaml",
            "config/routes/dev/framework.yaml",
            "config/secrets/prod/.gitignore",
            "config/services.yaml",
            "public/index.php",
            "src/Controller/.gitignore",
            "src/Kernel.php"
        ]
    },
    "symfony/http-foundation": {
        "version": "v4.4.1"
    },
    "symfony/http-kernel": {
        "version": "v4.4.1"
    },
    "symfony/inflector": {
        "version": "v5.0.1"
    },
    "symfony/intl": {
        "version": "v5.0.1"
    },
    "symfony/lock": {
        "version": "v4.4.1"
    },
    "symfony/mailer": {
        "version": "4.3",
        "recipe": {
            "repo": "github.com/symfony/recipes",
            "branch": "master",
            "version": "4.3",
            "ref": "15658c2a0176cda2e7dba66276a2030b52bd81b2"
        },
        "files": [
            "config/packages/mailer.yaml"
        ]
    },
    "symfony/messenger": {
        "version": "4.3",
        "recipe": {
            "repo": "github.com/symfony/recipes",
            "branch": "master",
            "version": "4.3",
            "ref": "8a2675c061737658bed85102e9241c752620e575"
        },
        "files": [
            "config/packages/messenger.yaml"
        ]
    },
    "symfony/mime": {
        "version": "v5.0.1"
    },
    "symfony/monolog-bridge": {
        "version": "v5.0.1"
    },
    "symfony/monolog-bundle": {
        "version": "3.3",
        "recipe": {
            "repo": "github.com/symfony/recipes",
            "branch": "master",
            "version": "3.3",
            "ref": "6240c6d43e8237a32452f057f81816820fd56ab6"
        },
        "files": [
            "config/packages/dev/monolog.yaml",
            "config/packages/prod/monolog.yaml",
            "config/packages/test/monolog.yaml"
        ]
    },
    "symfony/options-resolver": {
        "version": "v4.4.1"
    },
    "symfony/phpunit-bridge": {
        "version": "3.3",
        "recipe": {
            "repo": "github.com/symfony/recipes",
            "branch": "master",
            "version": "3.3",
            "ref": "33e147b643473a858f2c5e0ae761f149faebe06e"
        },
        "files": [
            ".env.test",
            "bin/phpunit",
            "config/bootstrap.php",
            "config/services_test.yaml",
            "phpunit.xml.dist",
            "tests/.gitignore"
        ]
    },
    "symfony/polyfill-ctype": {
        "version": "v1.13.1"
    },
    "symfony/polyfill-iconv": {
        "version": "v1.13.1"
    },
    "symfony/polyfill-intl-icu": {
        "version": "v1.13.1"
    },
    "symfony/polyfill-intl-idn": {
        "version": "v1.13.1"
    },
    "symfony/polyfill-mbstring": {
        "version": "v1.13.1"
    },
    "symfony/polyfill-php56": {
        "version": "v1.13.1"
    },
    "symfony/polyfill-php72": {
        "version": "v1.13.1"
    },
    "symfony/polyfill-php73": {
        "version": "v1.13.1"
    },
    "symfony/polyfill-util": {
        "version": "v1.13.1"
    },
    "symfony/process": {
        "version": "v4.4.1"
    },
    "symfony/property-access": {
        "version": "v4.4.1"
    },
    "symfony/property-info": {
        "version": "v4.4.1"
    },
    "symfony/proxy-manager-bridge": {
        "version": "v4.4.1"
    },
    "symfony/routing": {
        "version": "4.2",
        "recipe": {
            "repo": "github.com/symfony/recipes",
            "branch": "master",
            "version": "4.2",
            "ref": "683dcb08707ba8d41b7e34adb0344bfd68d248a7"
        },
        "files": [
            "config/packages/prod/routing.yaml",
            "config/packages/routing.yaml",
            "config/routes.yaml"
        ]
    },
    "symfony/security-bundle": {
        "version": "4.4",
        "recipe": {
            "repo": "github.com/symfony/recipes",
            "branch": "master",
            "version": "4.4",
            "ref": "30efd98dd3b4ead6e9ad4713b1efc43bbe94bf77"
        },
        "files": [
            "config/packages/security.yaml"
        ]
    },
    "symfony/security-core": {
        "version": "v4.4.1"
    },
    "symfony/security-csrf": {
        "version": "v5.0.1"
    },
    "symfony/security-guard": {
        "version": "v4.4.1"
    },
    "symfony/security-http": {
        "version": "v4.4.1"
    },
    "symfony/serializer": {
        "version": "v4.4.1"
    },
    "symfony/service-contracts": {
        "version": "v2.0.1"
    },
    "symfony/stopwatch": {
        "version": "v4.4.1"
    },
    "symfony/swiftmailer-bundle": {
        "version": "2.5",
        "recipe": {
            "repo": "github.com/symfony/recipes",
            "branch": "master",
            "version": "2.5",
            "ref": "ae4d22af30bbd484506bc1817c5a3ef72c855b93"
        },
        "files": [
            "config/packages/dev/swiftmailer.yaml",
            "config/packages/swiftmailer.yaml",
            "config/packages/test/swiftmailer.yaml"
        ]
    },
    "symfony/templating": {
        "version": "v4.4.1"
    },
    "symfony/translation": {
        "version": "3.3",
        "recipe": {
            "repo": "github.com/symfony/recipes",
            "branch": "master",
            "version": "3.3",
            "ref": "2ad9d2545bce8ca1a863e50e92141f0b9d87ffcd"
        },
        "files": [
            "config/packages/translation.yaml",
            "translations/.gitignore"
        ]
    },
    "symfony/translation-contracts": {
        "version": "v2.0.1"
    },
    "symfony/twig-bridge": {
        "version": "v4.4.1"
    },
    "symfony/twig-bundle": {
        "version": "4.4",
        "recipe": {
            "repo": "github.com/symfony/recipes",
            "branch": "master",
            "version": "4.4",
            "ref": "15a41bbd66a1323d09824a189b485c126bbefa51"
        },
        "files": [
            "config/packages/test/twig.yaml",
            "config/packages/twig.yaml",
            "templates/base.html.twig"
        ]
    },
    "symfony/validator": {
        "version": "4.3",
        "recipe": {
            "repo": "github.com/symfony/recipes",
            "branch": "master",
            "version": "4.3",
            "ref": "d902da3e4952f18d3bf05aab29512eb61cabd869"
        },
        "files": [
            "config/packages/test/validator.yaml",
            "config/packages/validator.yaml"
        ]
    },
    "symfony/var-dumper": {
        "version": "v5.0.1"
    },
    "symfony/var-exporter": {
        "version": "v5.0.1"
    },
    "symfony/web-link": {
        "version": "v4.4.1"
    },
    "symfony/web-profiler-bundle": {
        "version": "3.3",
        "recipe": {
            "repo": "github.com/symfony/recipes",
            "branch": "master",
            "version": "3.3",
            "ref": "6bdfa1a95f6b2e677ab985cd1af2eae35d62e0f6"
        },
        "files": [
            "config/packages/dev/web_profiler.yaml",
            "config/packages/test/web_profiler.yaml",
            "config/routes/dev/web_profiler.yaml"
        ]
    },
    "symfony/web-server-bundle": {
        "version": "3.3",
        "recipe": {
            "repo": "github.com/symfony/recipes",
            "branch": "master",
            "version": "3.3",
            "ref": "dae9b39fd6717970be7601101ce5aa960bf53d9a"
        }
    },
    "symfony/yaml": {
        "version": "v4.4.1"
    },
    "takeit/amp": {
        "version": "dev-master"
    },
    "takeit/amp-html-bundle": {
        "version": "v1.0.1"
    },
    "takeit/doctrine-data-fixtures-extension": {
        "version": "5.0.x-dev"
    },
    "takeit/stringy": {
        "version": "dev-fix"
    },
    "theofidry/alice-data-fixtures": {
        "version": "1.0",
        "recipe": {
            "repo": "github.com/symfony/recipes",
            "branch": "master",
            "version": "1.0",
            "ref": "fe5a50faf580eb58f08ada2abe8afbd2d4941e05"
        }
    },
    "theseer/tokenizer": {
        "version": "1.1.3"
    },
    "twig/extensions": {
        "version": "1.0",
        "recipe": {
            "repo": "github.com/symfony/recipes",
            "branch": "master",
            "version": "1.0",
            "ref": "a86723ee8d8b2f9437c8ce60a5546a1c267da5ed"
        },
        "files": [
            "config/packages/twig_extensions.yaml"
        ]
    },
    "twig/twig": {
        "version": "v2.12.2"
    },
    "vierbergenlars/php-semver": {
        "version": "3.0.2"
    },
    "webmozart/assert": {
        "version": "1.6.0"
    },
    "willdurand/hateoas": {
        "version": "3.4.0"
    },
    "willdurand/hateoas-bundle": {
        "version": "2.0.1"
    },
    "willdurand/jsonp-callback-validator": {
        "version": "v1.1.0"
    },
    "willdurand/negotiation": {
        "version": "v2.3.1"
    },
    "zendframework/zend-code": {
        "version": "3.4.0"
    },
    "zendframework/zend-diactoros": {
        "version": "2.2.1"
    },
    "zendframework/zend-eventmanager": {
        "version": "3.2.1"
    },
    "zendframework/zend-hydrator": {
        "version": "2.4.2"
    },
    "zendframework/zend-stdlib": {
        "version": "3.2.1"
    },
    "zircote/swagger-php": {
        "version": "2.0.14"
    }
}
